
Microsoft Visual Studio Solution File, Format Version 12.00
# Visual Studio Version 17
VisualStudioVersion = 17.6.33829.357
MinimumVisualStudioVersion = 10.0.40219.1
Project("{FAE04EC0-301F-11D3-BF4B-00C04F79EFBC}") = "oopBankomatas", "oopBankomatas\oopBankomatas.csproj", "{BF399475-63C4-43D2-82F7-998FDE7429BE}"
EndProject
Global
	GlobalSection(SolutionConfigurationPlatforms) = preSolution
		Debug|Any CPU = Debug|Any CPU
		Release|Any CPU = Release|Any CPU
	EndGlobalSection
	GlobalSection(ProjectConfigurationPlatforms) = postSolution
		{BF399475-63C4-43D2-82F7-998FDE7429BE}.Debug|Any CPU.ActiveCfg = Debug|Any CPU
		{BF399475-63C4-43D2-82F7-998FDE7429BE}.Debug|Any CPU.Build.0 = Debug|Any CPU
		{BF399475-63C4-43D2-82F7-998FDE7429BE}.Release|Any CPU.ActiveCfg = Release|Any CPU
		{BF399475-63C4-43D2-82F7-998FDE7429BE}.Release|Any CPU.Build.0 = Release|Any CPU
	EndGlobalSection
	GlobalSection(SolutionProperties) = preSolution
		HideSolutionNode = FALSE
	EndGlobalSection
	GlobalSection(ExtensibilityGlobals) = postSolution
		SolutionGuid = {3DF437E6-9FFD-4F27-BB91-E277E9803247}
	EndGlobalSection
EndGlobal
